{
  "originHash" : "792332d311d5b33656d34ddd7e8c2b67dc2c192b2ec72e444c06348c4d33a656",
  "pins" : [
    {
      "identity" : "sparklespm",
      "kind" : "remoteSourceControl",
      "location" : "https://github.com/sparkle-project/Sparkle",
      "state" : {
        "revision" : "9858900881df8a033d1199d16e332a9e438e755c",
        "version" : "2.10.0"
      }
    }
  ],
  "version" : 3
}
